
Microsoft Visual Studio Solution File, Format Version 12.00
# Visual Studio Version 16
VisualStudioVersion = 16.0.30204.135
MinimumVisualStudioVersion = 10.0.40219.1
Project("{888888A0-9F3D-457C-B088-3A5042F75D52}") = "Serviclean4", "Serviclean4.pyproj", "{79ECD86B-45D5-4071-9B80-977BC5BC5F2B}"
EndProject
Global
	GlobalSection(SolutionConfigurationPlatforms) = preSolution
		Debug|Any CPU = Debug|Any CPU
		Release|Any CPU = Release|Any CPU
	EndGlobalSection
	GlobalSection(ProjectConfigurationPlatforms) = postSolution
		{79ECD86B-45D5-4071-9B80-977BC5BC5F2B}.Debug|Any CPU.ActiveCfg = Debug|Any CPU
		{79ECD86B-45D5-4071-9B80-977BC5BC5F2B}.Debug|Any CPU.Build.0 = Debug|Any CPU
		{79ECD86B-45D5-4071-9B80-977BC5BC5F2B}.Release|Any CPU.ActiveCfg = Release|Any CPU
		{79ECD86B-45D5-4071-9B80-977BC5BC5F2B}.Release|Any CPU.Build.0 = Release|Any CPU
	EndGlobalSection
	GlobalSection(SolutionProperties) = preSolution
		HideSolutionNode = FALSE
	EndGlobalSection
	GlobalSection(ExtensibilityGlobals) = postSolution
		SolutionGuid = {C6176F8B-FB86-4BFC-8EC4-7BD5F4892DCB}
	EndGlobalSection
EndGlobal
